
Microsoft Visual Studio Solution File, Format Version 12.00
# Visual Studio Version 16
VisualStudioVersion = 16.0.30330.147
MinimumVisualStudioVersion = 10.0.40219.1
Project("{FAE04EC0-301F-11D3-BF4B-00C04F79EFBC}") = "StegGIF", "StegGIF\StegGIF.csproj", "{BEAF1E86-8196-41BC-A992-FD59F31EEC77}"
EndProject
Global
	GlobalSection(SolutionConfigurationPlatforms) = preSolution
		Debug|Any CPU = Debug|Any CPU
		Release|Any CPU = Release|Any CPU
	EndGlobalSection
	GlobalSection(ProjectConfigurationPlatforms) = postSolution
		{BEAF1E86-8196-41BC-A992-FD59F31EEC77}.Debug|Any CPU.ActiveCfg = Debug|Any CPU
		{BEAF1E86-8196-41BC-A992-FD59F31EEC77}.Debug|Any CPU.Build.0 = Debug|Any CPU
		{BEAF1E86-8196-41BC-A992-FD59F31EEC77}.Release|Any CPU.ActiveCfg = Release|Any CPU
		{BEAF1E86-8196-41BC-A992-FD59F31EEC77}.Release|Any CPU.Build.0 = Release|Any CPU
	EndGlobalSection
	GlobalSection(SolutionProperties) = preSolution
		HideSolutionNode = FALSE
	EndGlobalSection
	GlobalSection(ExtensibilityGlobals) = postSolution
		SolutionGuid = {425F1C5D-770D-4E83-9B5E-7A334909D6C1}
	EndGlobalSection
EndGlobal
